
Microsoft Visual Studio Solution File, Format Version 12.00
# Visual Studio Version 17
VisualStudioVersion = 17.9.34714.143
MinimumVisualStudioVersion = 10.0.40219.1
Project("{9A19103F-16F7-4668-BE54-9A1E7A4F7556}") = "MBF Launcher", "MBF Launcher\MBF Launcher.csproj", "{4D784D73-0C77-4F2D-AC75-2B9B85000363}"
EndProject
Project("{9A19103F-16F7-4668-BE54-9A1E7A4F7556}") = "OnDeviceADB", "OnDeviceADB\OnDeviceADB.csproj", "{BD3D4AE0-CC8B-40DA-88E8-C377541EFDCC}"
EndProject
Global
	GlobalSection(SolutionConfigurationPlatforms) = preSolution
		Debug|Any CPU = Debug|Any CPU
		Release|Any CPU = Release|Any CPU
	EndGlobalSection
	GlobalSection(ProjectConfigurationPlatforms) = postSolution
		{4D784D73-0C77-4F2D-AC75-2B9B85000363}.Debug|Any CPU.ActiveCfg = Debug|Any CPU
		{4D784D73-0C77-4F2D-AC75-2B9B85000363}.Debug|Any CPU.Build.0 = Debug|Any CPU
		{4D784D73-0C77-4F2D-AC75-2B9B85000363}.Debug|Any CPU.Deploy.0 = Debug|Any CPU
		{4D784D73-0C77-4F2D-AC75-2B9B85000363}.Release|Any CPU.ActiveCfg = Release|Any CPU
		{4D784D73-0C77-4F2D-AC75-2B9B85000363}.Release|Any CPU.Build.0 = Release|Any CPU
		{4D784D73-0C77-4F2D-AC75-2B9B85000363}.Release|Any CPU.Deploy.0 = Release|Any CPU
		{BD3D4AE0-CC8B-40DA-88E8-C377541EFDCC}.Debug|Any CPU.ActiveCfg = Debug|Any CPU
		{BD3D4AE0-CC8B-40DA-88E8-C377541EFDCC}.Debug|Any CPU.Build.0 = Debug|Any CPU
		{BD3D4AE0-CC8B-40DA-88E8-C377541EFDCC}.Release|Any CPU.ActiveCfg = Release|Any CPU
		{BD3D4AE0-CC8B-40DA-88E8-C377541EFDCC}.Release|Any CPU.Build.0 = Release|Any CPU
	EndGlobalSection
	GlobalSection(SolutionProperties) = preSolution
		HideSolutionNode = FALSE
	EndGlobalSection
	GlobalSection(ExtensibilityGlobals) = postSolution
		SolutionGuid = {AA763902-B013-4400-979F-EAC123F6E364}
	EndGlobalSection
EndGlobal
